
Microsoft Visual Studio Solution File, Format Version 12.00
Project("{FAE04EC0-301F-11D3-BF4B-00C04F79EFBC}") = "CryptoTest.API", "CryptoTest.API\CryptoTest.API.csproj", "{70F5606C-1DE1-4422-AD88-B0830D1BE290}"
EndProject
Project("{2150E333-8FDC-42A3-9474-1A3956D46DE8}") = "Solution Items", "Solution Items", "{BB57BF88-CFA4-4A67-A878-BABA388EC63B}"
	ProjectSection(SolutionItems) = preProject
		docker-compose.yml = docker-compose.yml
	EndProjectSection
EndProject
Project("{FAE04EC0-301F-11D3-BF4B-00C04F79EFBC}") = "CryptoTest.Domain", "CryptoTest.Domain\CryptoTest.Domain.csproj", "{0E64E145-56C8-4ADD-931D-5299A11974CB}"
EndProject
Project("{FAE04EC0-301F-11D3-BF4B-00C04F79EFBC}") = "CryptoTest.Application", "CryptoTest.Application\CryptoTest.Application.csproj", "{2C717679-CADF-4EA1-9A90-33402B3A1F5D}"
EndProject
Project("{FAE04EC0-301F-11D3-BF4B-00C04F79EFBC}") = "CryptoTest.Persistence", "CryptoTest.Persistence\CryptoTest.Persistence.csproj", "{21D8CBA6-AF84-48E8-BA6D-B9EDD26B4AB5}"
EndProject
Global
	GlobalSection(SolutionConfigurationPlatforms) = preSolution
		Debug|Any CPU = Debug|Any CPU
		Release|Any CPU = Release|Any CPU
	EndGlobalSection
	GlobalSection(ProjectConfigurationPlatforms) = postSolution
		{70F5606C-1DE1-4422-AD88-B0830D1BE290}.Debug|Any CPU.ActiveCfg = Debug|Any CPU
		{70F5606C-1DE1-4422-AD88-B0830D1BE290}.Debug|Any CPU.Build.0 = Debug|Any CPU
		{70F5606C-1DE1-4422-AD88-B0830D1BE290}.Release|Any CPU.ActiveCfg = Release|Any CPU
		{70F5606C-1DE1-4422-AD88-B0830D1BE290}.Release|Any CPU.Build.0 = Release|Any CPU
		{0E64E145-56C8-4ADD-931D-5299A11974CB}.Debug|Any CPU.ActiveCfg = Debug|Any CPU
		{0E64E145-56C8-4ADD-931D-5299A11974CB}.Debug|Any CPU.Build.0 = Debug|Any CPU
		{0E64E145-56C8-4ADD-931D-5299A11974CB}.Release|Any CPU.ActiveCfg = Release|Any CPU
		{0E64E145-56C8-4ADD-931D-5299A11974CB}.Release|Any CPU.Build.0 = Release|Any CPU
		{2C717679-CADF-4EA1-9A90-33402B3A1F5D}.Debug|Any CPU.ActiveCfg = Debug|Any CPU
		{2C717679-CADF-4EA1-9A90-33402B3A1F5D}.Debug|Any CPU.Build.0 = Debug|Any CPU
		{2C717679-CADF-4EA1-9A90-33402B3A1F5D}.Release|Any CPU.ActiveCfg = Release|Any CPU
		{2C717679-CADF-4EA1-9A90-33402B3A1F5D}.Release|Any CPU.Build.0 = Release|Any CPU
		{21D8CBA6-AF84-48E8-BA6D-B9EDD26B4AB5}.Debug|Any CPU.ActiveCfg = Debug|Any CPU
		{21D8CBA6-AF84-48E8-BA6D-B9EDD26B4AB5}.Debug|Any CPU.Build.0 = Debug|Any CPU
		{21D8CBA6-AF84-48E8-BA6D-B9EDD26B4AB5}.Release|Any CPU.ActiveCfg = Release|Any CPU
		{21D8CBA6-AF84-48E8-BA6D-B9EDD26B4AB5}.Release|Any CPU.Build.0 = Release|Any CPU
	EndGlobalSection
EndGlobal
